
Microsoft Visual Studio Solution File, Format Version 12.00
# Visual Studio 14
VisualStudioVersion = 14.0.25123.0
MinimumVisualStudioVersion = 10.0.40219.1
Project("{2150E333-8FDC-42A3-9474-1A3956D46DE8}") = "Engine", "Engine", "{0DE27EE6-DD96-4304-82BB-A0E76E668136}"
EndProject
Project("{2150E333-8FDC-42A3-9474-1A3956D46DE8}") = "Games", "Games", "{471BB3FC-E03F-4B97-9C15-EF2BD0A070E7}"
EndProject
Project("{8BC9CEB8-8B4A-11D0-8D11-00A0C91BC942}") = "UE4", "Intermediate\ProjectFiles\UE4.vcxproj", "{1BCEB7B9-73E6-4CD0-8131-C6C583AD566F}"
EndProject
Project("{8BC9CEB8-8B4A-11D0-8D11-00A0C91BC942}") = "BuildingEscape", "Intermediate\ProjectFiles\BuildingEscape.vcxproj", "{894CBCDE-85FC-4955-8D56-3D61FC1D4DDE}"
EndProject
Global
	GlobalSection(SolutionConfigurationPlatforms) = preSolution
		DebugGame Editor|Win32 = DebugGame Editor|Win32
		DebugGame Editor|Win64 = DebugGame Editor|Win64
		DebugGame|Win32 = DebugGame|Win32
		DebugGame|Win64 = DebugGame|Win64
		Development Editor|Win32 = Development Editor|Win32
		Development Editor|Win64 = Development Editor|Win64
		Development|Win32 = Development|Win32
		Development|Win64 = Development|Win64
		Shipping|Win32 = Shipping|Win32
		Shipping|Win64 = Shipping|Win64
	EndGlobalSection
	GlobalSection(ProjectConfigurationPlatforms) = postSolution
		{1BCEB7B9-73E6-4CD0-8131-C6C583AD566F}.DebugGame Editor|Win32.ActiveCfg = BuiltWithUnrealBuildTool|Win32
		{1BCEB7B9-73E6-4CD0-8131-C6C583AD566F}.DebugGame Editor|Win32.Build.0 = BuiltWithUnrealBuildTool|Win32
		{1BCEB7B9-73E6-4CD0-8131-C6C583AD566F}.DebugGame Editor|Win64.ActiveCfg = BuiltWithUnrealBuildTool|Win32
		{1BCEB7B9-73E6-4CD0-8131-C6C583AD566F}.DebugGame Editor|Win64.Build.0 = BuiltWithUnrealBuildTool|Win32
		{1BCEB7B9-73E6-4CD0-8131-C6C583AD566F}.DebugGame|Win32.ActiveCfg = BuiltWithUnrealBuildTool|Win32
		{1BCEB7B9-73E6-4CD0-8131-C6C583AD566F}.DebugGame|Win32.Build.0 = BuiltWithUnrealBuildTool|Win32
		{1BCEB7B9-73E6-4CD0-8131-C6C583AD566F}.DebugGame|Win64.ActiveCfg = BuiltWithUnrealBuildTool|Win32
		{1BCEB7B9-73E6-4CD0-8131-C6C583AD566F}.DebugGame|Win64.Build.0 = BuiltWithUnrealBuildTool|Win32
		{1BCEB7B9-73E6-4CD0-8131-C6C583AD566F}.Development Editor|Win32.ActiveCfg = BuiltWithUnrealBuildTool|Win32
		{1BCEB7B9-73E6-4CD0-8131-C6C583AD566F}.Development Editor|Win32.Build.0 = BuiltWithUnrealBuildTool|Win32
		{1BCEB7B9-73E6-4CD0-8131-C6C583AD566F}.Development Editor|Win64.ActiveCfg = BuiltWithUnrealBuildTool|Win32
		{1BCEB7B9-73E6-4CD0-8131-C6C583AD566F}.Development Editor|Win64.Build.0 = BuiltWithUnrealBuildTool|Win32
		{1BCEB7B9-73E6-4CD0-8131-C6C583AD566F}.Development|Win32.ActiveCfg = BuiltWithUnrealBuildTool|Win32
		{1BCEB7B9-73E6-4CD0-8131-C6C583AD566F}.Development|Win32.Build.0 = BuiltWithUnrealBuildTool|Win32
		{1BCEB7B9-73E6-4CD0-8131-C6C583AD566F}.Development|Win64.ActiveCfg = BuiltWithUnrealBuildTool|Win32
		{1BCEB7B9-73E6-4CD0-8131-C6C583AD566F}.Development|Win64.Build.0 = BuiltWithUnrealBuildTool|Win32
		{1BCEB7B9-73E6-4CD0-8131-C6C583AD566F}.Shipping|Win32.ActiveCfg = BuiltWithUnrealBuildTool|Win32
		{1BCEB7B9-73E6-4CD0-8131-C6C583AD566F}.Shipping|Win32.Build.0 = BuiltWithUnrealBuildTool|Win32
		{1BCEB7B9-73E6-4CD0-8131-C6C583AD566F}.Shipping|Win64.ActiveCfg = BuiltWithUnrealBuildTool|Win32
		{1BCEB7B9-73E6-4CD0-8131-C6C583AD566F}.Shipping|Win64.Build.0 = BuiltWithUnrealBuildTool|Win32
		{894CBCDE-85FC-4955-8D56-3D61FC1D4DDE}.DebugGame Editor|Win32.ActiveCfg = DebugGame_Editor|Win32
		{894CBCDE-85FC-4955-8D56-3D61FC1D4DDE}.DebugGame Editor|Win32.Build.0 = DebugGame_Editor|Win32
		{894CBCDE-85FC-4955-8D56-3D61FC1D4DDE}.DebugGame Editor|Win64.ActiveCfg = DebugGame_Editor|x64
		{894CBCDE-85FC-4955-8D56-3D61FC1D4DDE}.DebugGame Editor|Win64.Build.0 = DebugGame_Editor|x64
		{894CBCDE-85FC-4955-8D56-3D61FC1D4DDE}.DebugGame|Win32.ActiveCfg = DebugGame_Game|Win32
		{894CBCDE-85FC-4955-8D56-3D61FC1D4DDE}.DebugGame|Win32.Build.0 = DebugGame_Game|Win32
		{894CBCDE-85FC-4955-8D56-3D61FC1D4DDE}.DebugGame|Win64.ActiveCfg = DebugGame_Game|x64
		{894CBCDE-85FC-4955-8D56-3D61FC1D4DDE}.DebugGame|Win64.Build.0 = DebugGame_Game|x64
		{894CBCDE-85FC-4955-8D56-3D61FC1D4DDE}.Development Editor|Win32.ActiveCfg = Development_Editor|Win32
		{894CBCDE-85FC-4955-8D56-3D61FC1D4DDE}.Development Editor|Win32.Build.0 = Development_Editor|Win32
		{894CBCDE-85FC-4955-8D56-3D61FC1D4DDE}.Development Editor|Win64.ActiveCfg = Development_Editor|x64
		{894CBCDE-85FC-4955-8D56-3D61FC1D4DDE}.Development Editor|Win64.Build.0 = Development_Editor|x64
		{894CBCDE-85FC-4955-8D56-3D61FC1D4DDE}.Development|Win32.ActiveCfg = Development_Game|Win32
		{894CBCDE-85FC-4955-8D56-3D61FC1D4DDE}.Development|Win32.Build.0 = Development_Game|Win32
		{894CBCDE-85FC-4955-8D56-3D61FC1D4DDE}.Development|Win64.ActiveCfg = Development_Game|x64
		{894CBCDE-85FC-4955-8D56-3D61FC1D4DDE}.Development|Win64.Build.0 = Development_Game|x64
		{894CBCDE-85FC-4955-8D56-3D61FC1D4DDE}.Shipping|Win32.ActiveCfg = Shipping_Game|Win32
		{894CBCDE-85FC-4955-8D56-3D61FC1D4DDE}.Shipping|Win32.Build.0 = Shipping_Game|Win32
		{894CBCDE-85FC-4955-8D56-3D61FC1D4DDE}.Shipping|Win64.ActiveCfg = Shipping_Game|x64
		{894CBCDE-85FC-4955-8D56-3D61FC1D4DDE}.Shipping|Win64.Build.0 = Shipping_Game|x64
	EndGlobalSection
	GlobalSection(SolutionProperties) = preSolution
		HideSolutionNode = FALSE
	EndGlobalSection
	GlobalSection(NestedProjects) = preSolution
		{1BCEB7B9-73E6-4CD0-8131-C6C583AD566F} = {0DE27EE6-DD96-4304-82BB-A0E76E668136}
		{894CBCDE-85FC-4955-8D56-3D61FC1D4DDE} = {471BB3FC-E03F-4B97-9C15-EF2BD0A070E7}
	EndGlobalSection
EndGlobal
